# This file is autogenerated, do not edit; changes may be undone by the next 'dep ensure'.


[[projects]]
  digest = "1:32f0096cd7a123ae67555d471b471d0b11d586b63741b71fd0e5fed0e9ed545b"
  name = "github.com/gogo/protobuf"
  packages = ["proto"]
  pruneopts = "UT"
  revision = "342cbe0a04158f6dcb03ca0079991a51a4248c02"
  version = "v0.5"

[[projects]]
  digest = "1:ef72505cf098abdd34efeea032103377bec06abb61d8a06f002d5d296a4b1185"
  name = "gopkg.in/inf.v0"
  packages = ["."]
  pruneopts = "UT"
  revision = "3887ee99ecf07df5b447e9b00d9c0b2adaa9f3e4"
  version = "v0.9.0"

[[projects]]
  branch = "master"
  digest = "1:529eef25f0435243401fefe311186ff1fb66bbe5c4183c3cbfe1d99bf6d1fcef"
  name = "k8s.io/apimachinery"
  packages = ["pkg/api/resource"]
  pruneopts = "UT"
  revision = "03ac7a9ade429d715a1a46ceaa3724c18ebae54f"

[solve-meta]
  analyzer-name = "dep"
  analyzer-version = 1
  input-imports = ["k8s.io/apimachinery/pkg/api/resource"]
  solver-name = "gps-cdcl"
  solver-version = 1
